
Microsoft Visual Studio Solution File, Format Version 12.00
# Visual Studio Version 17
VisualStudioVersion = 17.10.35201.131
MinimumVisualStudioVersion = 10.0.40219.1
Project("{9A19103F-16F7-4668-BE54-9A1E7A4F7556}") = "Uptime.Stars.Api", "Uptime.Stars.Api\Uptime.Stars.Api.csproj", "{90A1DDD9-2E13-455E-B67F-5858AF9BB178}"
EndProject
Project("{9A19103F-16F7-4668-BE54-9A1E7A4F7556}") = "Uptime.Stars.Domain", "Uptime.Stars.Domain\Uptime.Stars.Domain.csproj", "{790A4DC0-36C6-4837-B0BB-7A8403D3EBAD}"
EndProject
Project("{2150E333-8FDC-42A3-9474-1A3956D46DE8}") = "src", "src", "{2F139C30-404F-4ACB-A935-F70F0234BCA9}"
EndProject
Project("{2150E333-8FDC-42A3-9474-1A3956D46DE8}") = "tests", "tests", "{5489ABC6-2191-4C76-958E-28657FA4F482}"
EndProject
Project("{FAE04EC0-301F-11D3-BF4B-00C04F79EFBC}") = "Uptime.Stars.Application", "Uptime.Stars.Application\Uptime.Stars.Application.csproj", "{5DD15893-2A47-4A3E-B4A3-AF0F4C3363BF}"
EndProject
Project("{FAE04EC0-301F-11D3-BF4B-00C04F79EFBC}") = "Uptime.Stars.Persistence", "Uptime.Stars.Persistence\Uptime.Stars.Persistence.csproj", "{8A55FF05-7C14-405A-8028-FBC5D8975AFA}"
EndProject
Project("{2150E333-8FDC-42A3-9474-1A3956D46DE8}") = "core", "core", "{C0A6383B-0DD3-4E84-8CEA-3D03B785CDAC}"
EndProject
Project("{2150E333-8FDC-42A3-9474-1A3956D46DE8}") = "services", "services", "{05EFDAE1-F5B7-4C56-AB10-1A5E6CD478C9}"
EndProject
Project("{FAE04EC0-301F-11D3-BF4B-00C04F79EFBC}") = "Uptime.Stars.Infrastructure", "Uptime.Stars.Infrastructure\Uptime.Stars.Infrastructure.csproj", "{52CB5632-7784-41CC-AF0C-68CDB986C6BE}"
EndProject
Project("{FAE04EC0-301F-11D3-BF4B-00C04F79EFBC}") = "Uptime.Stars.Monitor", "Uptime.Stars.Monitor\Uptime.Stars.Monitor.csproj", "{E57BD02E-F068-401C-A7A0-6F810F5834DD}"
EndProject
Project("{FAE04EC0-301F-11D3-BF4B-00C04F79EFBC}") = "Uptime.Stars.Contracts", "Uptime.Stars.Contracts\Uptime.Stars.Contracts.csproj", "{7C7C9363-0703-4205-AEE6-B42979DD783A}"
EndProject
Project("{FAE04EC0-301F-11D3-BF4B-00C04F79EFBC}") = "Uptime.Stars.UnitTests", "Uptime.Stars.UnitTests\Uptime.Stars.UnitTests.csproj", "{5617DD25-60A5-46F4-BFC0-41F85B93860F}"
EndProject
Project("{2150E333-8FDC-42A3-9474-1A3956D46DE8}") = "compose", "compose", "{5872D284-D1EC-4DFC-86CF-6F4126CB7F50}"
EndProject
Project("{E53339B2-1760-4266-BCC7-CA923CBCF16C}") = "docker-compose", "docker-compose.dcproj", "{5229EAD1-78B3-4E13-8AE6-B3555262479F}"
EndProject
Global
	GlobalSection(SolutionConfigurationPlatforms) = preSolution
		Debug|Any CPU = Debug|Any CPU
		Release|Any CPU = Release|Any CPU
	EndGlobalSection
	GlobalSection(ProjectConfigurationPlatforms) = postSolution
		{90A1DDD9-2E13-455E-B67F-5858AF9BB178}.Debug|Any CPU.ActiveCfg = Debug|Any CPU
		{90A1DDD9-2E13-455E-B67F-5858AF9BB178}.Debug|Any CPU.Build.0 = Debug|Any CPU
		{90A1DDD9-2E13-455E-B67F-5858AF9BB178}.Release|Any CPU.ActiveCfg = Release|Any CPU
		{90A1DDD9-2E13-455E-B67F-5858AF9BB178}.Release|Any CPU.Build.0 = Release|Any CPU
		{790A4DC0-36C6-4837-B0BB-7A8403D3EBAD}.Debug|Any CPU.ActiveCfg = Debug|Any CPU
		{790A4DC0-36C6-4837-B0BB-7A8403D3EBAD}.Debug|Any CPU.Build.0 = Debug|Any CPU
		{790A4DC0-36C6-4837-B0BB-7A8403D3EBAD}.Release|Any CPU.ActiveCfg = Release|Any CPU
		{790A4DC0-36C6-4837-B0BB-7A8403D3EBAD}.Release|Any CPU.Build.0 = Release|Any CPU
		{5DD15893-2A47-4A3E-B4A3-AF0F4C3363BF}.Debug|Any CPU.ActiveCfg = Debug|Any CPU
		{5DD15893-2A47-4A3E-B4A3-AF0F4C3363BF}.Debug|Any CPU.Build.0 = Debug|Any CPU
		{5DD15893-2A47-4A3E-B4A3-AF0F4C3363BF}.Release|Any CPU.ActiveCfg = Release|Any CPU
		{5DD15893-2A47-4A3E-B4A3-AF0F4C3363BF}.Release|Any CPU.Build.0 = Release|Any CPU
		{8A55FF05-7C14-405A-8028-FBC5D8975AFA}.Debug|Any CPU.ActiveCfg = Debug|Any CPU
		{8A55FF05-7C14-405A-8028-FBC5D8975AFA}.Debug|Any CPU.Build.0 = Debug|Any CPU
		{8A55FF05-7C14-405A-8028-FBC5D8975AFA}.Release|Any CPU.ActiveCfg = Release|Any CPU
		{8A55FF05-7C14-405A-8028-FBC5D8975AFA}.Release|Any CPU.Build.0 = Release|Any CPU
		{52CB5632-7784-41CC-AF0C-68CDB986C6BE}.Debug|Any CPU.ActiveCfg = Debug|Any CPU
		{52CB5632-7784-41CC-AF0C-68CDB986C6BE}.Debug|Any CPU.Build.0 = Debug|Any CPU
		{52CB5632-7784-41CC-AF0C-68CDB986C6BE}.Release|Any CPU.ActiveCfg = Release|Any CPU
		{52CB5632-7784-41CC-AF0C-68CDB986C6BE}.Release|Any CPU.Build.0 = Release|Any CPU
		{E57BD02E-F068-401C-A7A0-6F810F5834DD}.Debug|Any CPU.ActiveCfg = Debug|Any CPU
		{E57BD02E-F068-401C-A7A0-6F810F5834DD}.Debug|Any CPU.Build.0 = Debug|Any CPU
		{E57BD02E-F068-401C-A7A0-6F810F5834DD}.Release|Any CPU.ActiveCfg = Release|Any CPU
		{E57BD02E-F068-401C-A7A0-6F810F5834DD}.Release|Any CPU.Build.0 = Release|Any CPU
		{7C7C9363-0703-4205-AEE6-B42979DD783A}.Debug|Any CPU.ActiveCfg = Debug|Any CPU
		{7C7C9363-0703-4205-AEE6-B42979DD783A}.Debug|Any CPU.Build.0 = Debug|Any CPU
		{7C7C9363-0703-4205-AEE6-B42979DD783A}.Release|Any CPU.ActiveCfg = Release|Any CPU
		{7C7C9363-0703-4205-AEE6-B42979DD783A}.Release|Any CPU.Build.0 = Release|Any CPU
		{5617DD25-60A5-46F4-BFC0-41F85B93860F}.Debug|Any CPU.ActiveCfg = Debug|Any CPU
		{5617DD25-60A5-46F4-BFC0-41F85B93860F}.Debug|Any CPU.Build.0 = Debug|Any CPU
		{5617DD25-60A5-46F4-BFC0-41F85B93860F}.Release|Any CPU.ActiveCfg = Release|Any CPU
		{5617DD25-60A5-46F4-BFC0-41F85B93860F}.Release|Any CPU.Build.0 = Release|Any CPU
		{5229EAD1-78B3-4E13-8AE6-B3555262479F}.Debug|Any CPU.ActiveCfg = Debug|Any CPU
		{5229EAD1-78B3-4E13-8AE6-B3555262479F}.Debug|Any CPU.Build.0 = Debug|Any CPU
		{5229EAD1-78B3-4E13-8AE6-B3555262479F}.Release|Any CPU.ActiveCfg = Release|Any CPU
		{5229EAD1-78B3-4E13-8AE6-B3555262479F}.Release|Any CPU.Build.0 = Release|Any CPU
	EndGlobalSection
	GlobalSection(SolutionProperties) = preSolution
		HideSolutionNode = FALSE
	EndGlobalSection
	GlobalSection(NestedProjects) = preSolution
		{90A1DDD9-2E13-455E-B67F-5858AF9BB178} = {05EFDAE1-F5B7-4C56-AB10-1A5E6CD478C9}
		{790A4DC0-36C6-4837-B0BB-7A8403D3EBAD} = {C0A6383B-0DD3-4E84-8CEA-3D03B785CDAC}
		{5DD15893-2A47-4A3E-B4A3-AF0F4C3363BF} = {C0A6383B-0DD3-4E84-8CEA-3D03B785CDAC}
		{8A55FF05-7C14-405A-8028-FBC5D8975AFA} = {C0A6383B-0DD3-4E84-8CEA-3D03B785CDAC}
		{C0A6383B-0DD3-4E84-8CEA-3D03B785CDAC} = {2F139C30-404F-4ACB-A935-F70F0234BCA9}
		{05EFDAE1-F5B7-4C56-AB10-1A5E6CD478C9} = {2F139C30-404F-4ACB-A935-F70F0234BCA9}
		{52CB5632-7784-41CC-AF0C-68CDB986C6BE} = {C0A6383B-0DD3-4E84-8CEA-3D03B785CDAC}
		{E57BD02E-F068-401C-A7A0-6F810F5834DD} = {05EFDAE1-F5B7-4C56-AB10-1A5E6CD478C9}
		{7C7C9363-0703-4205-AEE6-B42979DD783A} = {C0A6383B-0DD3-4E84-8CEA-3D03B785CDAC}
		{5617DD25-60A5-46F4-BFC0-41F85B93860F} = {5489ABC6-2191-4C76-958E-28657FA4F482}
		{5229EAD1-78B3-4E13-8AE6-B3555262479F} = {5872D284-D1EC-4DFC-86CF-6F4126CB7F50}
	EndGlobalSection
	GlobalSection(ExtensibilityGlobals) = postSolution
		SolutionGuid = {A4A8A1C5-8FB8-46A5-9EDB-D71B834E3F73}
	EndGlobalSection
EndGlobal
